Microsoft Visual Studio Solution File, Format Version 12.00
# Visual Studio Version 17
VisualStudioVersion = 17.5.2.0
MinimumVisualStudioVersion = 10.0.40219.1
Project("{FAE04EC0-301F-11D3-BF4B-00C04F79EFBC}") = "Julekalendarar", "Julekalendarar.csproj", "{9FCE46CD-E5C7-1F94-537C-62BFCAC0F728}"
EndProject
Global
	GlobalSection(SolutionConfigurationPlatforms) = preSolution
		Debug|Any CPU = Debug|Any CPU
		Release|Any CPU = Release|Any CPU
	EndGlobalSection
	GlobalSection(ProjectConfigurationPlatforms) = postSolution
		{9FCE46CD-E5C7-1F94-537C-62BFCAC0F728}.Debug|Any CPU.ActiveCfg = Debug|Any CPU
		{9FCE46CD-E5C7-1F94-537C-62BFCAC0F728}.Debug|Any CPU.Build.0 = Debug|Any CPU
		{9FCE46CD-E5C7-1F94-537C-62BFCAC0F728}.Release|Any CPU.ActiveCfg = Release|Any CPU
		{9FCE46CD-E5C7-1F94-537C-62BFCAC0F728}.Release|Any CPU.Build.0 = Release|Any CPU
	EndGlobalSection
	GlobalSection(SolutionProperties) = preSolution
		HideSolutionNode = FALSE
	EndGlobalSection
	GlobalSection(ExtensibilityGlobals) = postSolution
		SolutionGuid = {3AE789FB-0F7A-4A3F-BCD0-CAA8FBC58139}
	EndGlobalSection
EndGlobal
